
Microsoft Visual Studio Solution File, Format Version 12.00
# Visual Studio Version 16
VisualStudioVersion = 16.0.31702.278
MinimumVisualStudioVersion = 10.0.40219.1
Project("{FAE04EC0-301F-11D3-BF4B-00C04F79EFBC}") = "SG_EjerciciosUd8", "SG_EjerciciosUd8\SG_EjerciciosUd8.csproj", "{D12E7A8B-7D09-42D0-9080-60537F832490}"
EndProject
Global
	GlobalSection(SolutionConfigurationPlatforms) = preSolution
		Debug|Any CPU = Debug|Any CPU
		Release|Any CPU = Release|Any CPU
	EndGlobalSection
	GlobalSection(ProjectConfigurationPlatforms) = postSolution
		{D12E7A8B-7D09-42D0-9080-60537F832490}.Debug|Any CPU.ActiveCfg = Debug|Any CPU
		{D12E7A8B-7D09-42D0-9080-60537F832490}.Debug|Any CPU.Build.0 = Debug|Any CPU
		{D12E7A8B-7D09-42D0-9080-60537F832490}.Release|Any CPU.ActiveCfg = Release|Any CPU
		{D12E7A8B-7D09-42D0-9080-60537F832490}.Release|Any CPU.Build.0 = Release|Any CPU
	EndGlobalSection
	GlobalSection(SolutionProperties) = preSolution
		HideSolutionNode = FALSE
	EndGlobalSection
	GlobalSection(ExtensibilityGlobals) = postSolution
		SolutionGuid = {5DDA03AA-4741-4FE8-A2D9-19D5D6BA7EB1}
	EndGlobalSection
EndGlobal
